// !$*UTF8*$!
{
	archiveVersion = 1;
	classes = {
	};
	objectVersion = 51;
	objects = {

/* Begin PBXBuildFile section */
		0570426F46A494B4388E14E6 /* Pods_AthleticsScoringSystem.framework in Frameworks */ = {isa = PBXBuildFile; fileRef = 146D00EEB3030B942485CE4D /* Pods_AthleticsScoringSystem.framework */; };
		250204E128365FF0004AA574 /* AthleticsScoringSystemApp.swift in Sources */ = {isa = PBXBuildFile; fileRef = 250204E028365FF0004AA574 /* AthleticsScoringSystemApp.swift */; };
		250204E528365FF1004AA574 /* Assets.xcassets in Resources */ = {isa = PBXBuildFile; fileRef = 250204E428365FF1004AA574 /* Assets.xcassets */; };
		250204E828365FF1004AA574 /* Preview Assets.xcassets in Resources */ = {isa = PBXBuildFile; fileRef = 250204E728365FF1004AA574 /* Preview Assets.xcassets */; };
		250204F128366027004AA574 /* GoogleService-Info.plist in Resources */ = {isa = PBXBuildFile; fileRef = 250204F028366027004AA574 /* GoogleService-Info.plist */; };
		25020508283660D1004AA574 /* EventsView.swift in Sources */ = {isa = PBXBuildFile; fileRef = 25020507283660D1004AA574 /* EventsView.swift */; };
		2502050C28366110004AA574 /* FirebaseViewModel.swift in Sources */ = {isa = PBXBuildFile; fileRef = 2502050B28366110004AA574 /* FirebaseViewModel.swift */; };
		2502050F2836611C004AA574 /* Athlete.swift in Sources */ = {isa = PBXBuildFile; fileRef = 2502050E2836611C004AA574 /* Athlete.swift */; };
/* End PBXBuildFile section */

/* Begin PBXFileReference section */
		146D00EEB3030B942485CE4D /* Pods_AthleticsScoringSystem.framework */ = {isa = PBXFileReference; explicitFileType = wrapper.framework; includeInIndex = 0; path = Pods_AthleticsScoringSystem.framework; sourceTree = BUILT_PRODUCTS_DIR; };
		250204DD28365FF0004AA574 /* AthleticsScoringSystem.app */ = {isa = PBXFileReference; explicitFileType = wrapper.application; includeInIndex = 0; path = AthleticsScoringSystem.app; sourceTree = BUILT_PRODUCTS_DIR; };
		250204E028365FF0004AA574 /* AthleticsScoringSystemApp.swift */ = {isa = PBXFileReference; lastKnownFileType = sourcecode.swift; path = AthleticsScoringSystemApp.swift; sourceTree = "<group>"; };
		250204E428365FF1004AA574 /* Assets.xcassets */ = {isa = PBXFileReference; lastKnownFileType = folder.assetcatalog; path = Assets.xcassets; sourceTree = "<group>"; };
		250204E728365FF1004AA574 /* Preview Assets.xcassets */ = {isa = PBXFileReference; lastKnownFileType = folder.assetcatalog; path = "Preview Assets.xcassets"; sourceTree = "<group>"; };
		250204E928365FF1004AA574 /* Info.plist */ = {isa = PBXFileReference; lastKnownFileType = text.plist.xml; path = Info.plist; sourceTree = "<group>"; };
		250204F028366027004AA574 /* GoogleService-Info.plist */ = {isa = PBXFileReference; fileEncoding = 4; lastKnownFileType = text.plist.xml; path = "GoogleService-Info.plist"; sourceTree = "<group>"; };
		25020507283660D1004AA574 /* EventsView.swift */ = {isa = PBXFileReference; lastKnownFileType = sourcecode.swift; path = EventsView.swift; sourceTree = "<group>"; };
		2502050B28366110004AA574 /* FirebaseViewModel.swift */ = {isa = PBXFileReference; lastKnownFileType = sourcecode.swift; path = FirebaseViewModel.swift; sourceTree = "<group>"; };
		2502050E2836611C004AA574 /* Athlete.swift */ = {isa = PBXFileReference; lastKnownFileType = sourcecode.swift; path = Athlete.swift; sourceTree = "<group>"; };
		49951E6ECDDF5E9BB2782A13 /* Pods-AthleticsScoringSystem.release.xcconfig */ = {isa = PBXFileReference; includeInIndex = 1; lastKnownFileType = text.xcconfig; name = "Pods-AthleticsScoringSystem.release.xcconfig"; path = "Target Support Files/Pods-AthleticsScoringSystem/Pods-AthleticsScoringSystem.release.xcconfig"; sourceTree = "<group>"; };
		F060A56D0BCC92A46B27475B /* Pods-AthleticsScoringSystem.debug.xcconfig */ = {isa = PBXFileReference; includeInIndex = 1; lastKnownFileType = text.xcconfig; name = "Pods-AthleticsScoringSystem.debug.xcconfig"; path = "Target Support Files/Pods-AthleticsScoringSystem/Pods-AthleticsScoringSystem.debug.xcconfig"; sourceTree = "<group>"; };
/* End PBXFileReference section */

/* Begin PBXFrameworksBuildPhase section */
		250204DA28365FF0004AA574 /* Frameworks */ = {
			isa = PBXFrameworksBuildPhase;
			buildActionMask = 2147483647;
			files = (
				0570426F46A494B4388E14E6 /* Pods_AthleticsScoringSystem.framework in Frameworks */,
			);
			runOnlyForDeploymentPostprocessing = 0;
		};
/* End PBXFrameworksBuildPhase section */

/* Begin PBXGroup section */
		07FED6A9661D2F218420CB8C /* Pods */ = {
			isa = PBXGroup;
			children = (
				F060A56D0BCC92A46B27475B /* Pods-AthleticsScoringSystem.debug.xcconfig */,
				49951E6ECDDF5E9BB2782A13 /* Pods-AthleticsScoringSystem.release.xcconfig */,
			);
			path = Pods;
			sourceTree = "<group>";
		};
		250204D428365FF0004AA574 = {
			isa = PBXGroup;
			children = (
				250204DF28365FF0004AA574 /* AthleticsScoringSystem */,
				250204DE28365FF0004AA574 /* Products */,
				07FED6A9661D2F218420CB8C /* Pods */,
				72D3D25A4941DCE66610B448 /* Frameworks */,
			);
			sourceTree = "<group>";
		};
		250204DE28365FF0004AA574 /* Products */ = {
			isa = PBXGroup;
			children = (
				250204DD28365FF0004AA574 /* AthleticsScoringSystem.app */,
			);
			name = Products;
			sourceTree = "<group>";
		};
		250204DF28365FF0004AA574 /* AthleticsScoringSystem */ = {
			isa = PBXGroup;
			children = (
				250204E028365FF0004AA574 /* AthleticsScoringSystemApp.swift */,
				25020507283660D1004AA574 /* EventsView.swift */,
				2502050B28366110004AA574 /* FirebaseViewModel.swift */,
				2502050E2836611C004AA574 /* Athlete.swift */,
				250204F028366027004AA574 /* GoogleService-Info.plist */,
				250204E428365FF1004AA574 /* Assets.xcassets */,
				250204E928365FF1004AA574 /* Info.plist */,
				250204E628365FF1004AA574 /* Preview Content */,
			);
			path = AthleticsScoringSystem;
			sourceTree = "<group>";
		};
		250204E628365FF1004AA574 /* Preview Content */ = {
			isa = PBXGroup;
			children = (
				250204E728365FF1004AA574 /* Preview Assets.xcassets */,
			);
			path = "Preview Content";
			sourceTree = "<group>";
		};
		72D3D25A4941DCE66610B448 /* Frameworks */ = {
			isa = PBXGroup;
			children = (
				146D00EEB3030B942485CE4D /* Pods_AthleticsScoringSystem.framework */,
			);
			name = Frameworks;
			sourceTree = "<group>";
		};
/* End PBXGroup section */

/* Begin PBXNativeTarget section */
		250204DC28365FF0004AA574 /* AthleticsScoringSystem */ = {
			isa = PBXNativeTarget;
			buildConfigurationList = 250204EC28365FF1004AA574 /* Build configuration list for PBXNativeTarget "AthleticsScoringSystem" */;
			buildPhases = (
				AF4BD4A27C71236FD5A952C8 /* [CP] Check Pods Manifest.lock */,
				250204D928365FF0004AA574 /* Sources */,
				250204DA28365FF0004AA574 /* Frameworks */,
				250204DB28365FF0004AA574 /* Resources */,
				25F2B6D15B1FF05B8B512A94 /* [CP] Embed Pods Frameworks */,
			);
			buildRules = (
			);
			dependencies = (
			);
			name = AthleticsScoringSystem;
			productName = AthleticsScoringSystem;
			productReference = 250204DD28365FF0004AA574 /* AthleticsScoringSystem.app */;
			productType = "com.apple.product-type.application";
		};
/* End PBXNativeTarget section */

/* Begin PBXProject section */
		250204D528365FF0004AA574 /* Project object */ = {
			isa = PBXProject;
			attributes = {
				LastSwiftUpdateCheck = 1210;
				LastUpgradeCheck = 1210;
				TargetAttributes = {
					250204DC28365FF0004AA574 = {
						CreatedOnToolsVersion = 12.1;
					};
				};
			};
			buildConfigurationList = 250204D828365FF0004AA574 /* Build configuration list for PBXProject "AthleticsScoringSystem" */;
			compatibilityVersion = "Xcode 9.3";
			developmentRegion = en;
			hasScannedForEncodings = 0;
			knownRegions = (
				en,
				Base,
			);
			mainGroup = 250204D428365FF0004AA574;
			productRefGroup = 250204DE28365FF0004AA574 /* Products */;
			projectDirPath = "";
			projectRoot = "";
			targets = (
				250204DC28365FF0004AA574 /* AthleticsScoringSystem */,
			);
		};
/* End PBXProject section */

/* Begin PBXResourcesBuildPhase section */
		250204DB28365FF0004AA574 /* Resources */ = {
			isa = PBXResourcesBuildPhase;
			buildActionMask = 2147483647;
			files = (
				250204E828365FF1004AA574 /* Preview Assets.xcassets in Resources */,
				250204E528365FF1004AA574 /* Assets.xcassets in Resources */,
				250204F128366027004AA574 /* GoogleService-Info.plist in Resources */,
			);
			runOnlyForDeploymentPostprocessing = 0;
		};
/* End PBXResourcesBuildPhase section */

/* Begin PBXShellScriptBuildPhase section */
		25F2B6D15B1FF05B8B512A94 /* [CP] Embed Pods Frameworks */ = {
			isa = PBXShellScriptBuildPhase;
			buildActionMask = 2147483647;
			files = (
			);
			inputFileListPaths = (
				"${PODS_ROOT}/Target Support Files/Pods-AthleticsScoringSystem/Pods-AthleticsScoringSystem-frameworks-${CONFIGURATION}-input-files.xcfilelist",
			);
			name = "[CP] Embed Pods Frameworks";
			outputFileListPaths = (
				"${PODS_ROOT}/Target Support Files/Pods-AthleticsScoringSystem/Pods-AthleticsScoringSystem-frameworks-${CONFIGURATION}-output-files.xcfilelist",
			);
			runOnlyForDeploymentPostprocessing = 0;
			shellPath = /bin/sh;
			shellScript = "\"${PODS_ROOT}/Target Support Files/Pods-AthleticsScoringSystem/Pods-AthleticsScoringSystem-frameworks.sh\"\n";
			showEnvVarsInLog = 0;
		};
		AF4BD4A27C71236FD5A952C8 /* [CP] Check Pods Manifest.lock */ = {
			isa = PBXShellScriptBuildPhase;
			buildActionMask = 2147483647;
			files = (
			);
			inputFileListPaths = (
			);
			inputPaths = (
				"${PODS_PODFILE_DIR_PATH}/Podfile.lock",
				"${PODS_ROOT}/Manifest.lock",
			);
			name = "[CP] Check Pods Manifest.lock";
			outputFileListPaths = (
			);
			outputPaths = (
				"$(DERIVED_FILE_DIR)/Pods-AthleticsScoringSystem-checkManifestLockResult.txt",
			);
			runOnlyForDeploymentPostprocessing = 0;
			shellPath = /bin/sh;
			shellScript = "diff \"${PODS_PODFILE_DIR_PATH}/Podfile.lock\" \"${PODS_ROOT}/Manifest.lock\" > /dev/null\nif [ $? != 0 ] ; then\n    # print error to STDERR\n    echo \"error: The sandbox is not in sync with the Podfile.lock. Run 'pod install' or update your CocoaPods installation.\" >&2\n    exit 1\nfi\n# This output is used by Xcode 'outputs' to avoid re-running this script phase.\necho \"SUCCESS\" > \"${SCRIPT_OUTPUT_FILE_0}\"\n";
			showEnvVarsInLog = 0;
		};
/* End PBXShellScriptBuildPhase section */

/* Begin PBXSourcesBuildPhase section */
		250204D928365FF0004AA574 /* Sources */ = {
			isa = PBXSourcesBuildPhase;
			buildActionMask = 2147483647;
			files = (
				2502050C28366110004AA574 /* FirebaseViewModel.swift in Sources */,
				250204E128365FF0004AA574 /* AthleticsScoringSystemApp.swift in Sources */,
				25020508283660D1004AA574 /* EventsView.swift in Sources */,
				2502050F2836611C004AA574 /* Athlete.swift in Sources */,
			);
			runOnlyForDeploymentPostprocessing = 0;
		};
/* End PBXSourcesBuildPhase section */

/* Begin XCBuildConfiguration section */
		250204EA28365FF1004AA574 /* Debug */ = {
			isa = XCBuildConfiguration;
			buildSettings = {
				ALWAYS_SEARCH_USER_PATHS = NO;
				CLANG_ANALYZER_NONNULL = YES;
				CLANG_ANALYZER_NUMBER_OBJECT_CONVERSION = YES_AGGRESSIVE;
				CLANG_CXX_LANGUAGE_STANDARD = "gnu++14";
				CLANG_CXX_LIBRARY = "libc++";
				CLANG_ENABLE_MODULES = YES;
				CLANG_ENABLE_OBJC_ARC = YES;
				CLANG_ENABLE_OBJC_WEAK = YES;
				CLANG_WARN_BLOCK_CAPTURE_AUTORELEASING = YES;
				CLANG_WARN_BOOL_CONVERSION = YES;
				CLANG_WARN_COMMA = YES;
				CLANG_WARN_CONSTANT_CONVERSION = YES;
				CLANG_WARN_DEPRECATED_OBJC_IMPLEMENTATIONS = YES;
				CLANG_WARN_DIRECT_OBJC_ISA_USAGE = YES_ERROR;
				CLANG_WARN_DOCUMENTATION_COMMENTS = YES;
				CLANG_WARN_EMPTY_BODY = YES;
				CLANG_WARN_ENUM_CONVERSION = YES;
				CLANG_WARN_INFINITE_RECURSION = YES;
				CLANG_WARN_INT_CONVERSION = YES;
				CLANG_WARN_NON_LITERAL_NULL_CONVERSION = YES;
				CLANG_WARN_OBJC_IMPLICIT_RETAIN_SELF = YES;
				CLANG_WARN_OBJC_LITERAL_CONVERSION = YES;
				CLANG_WARN_OBJC_ROOT_CLASS = YES_ERROR;
				CLANG_WARN_QUOTED_INCLUDE_IN_FRAMEWORK_HEADER = YES;
				CLANG_WARN_RANGE_LOOP_ANALYSIS = YES;
				CLANG_WARN_STRICT_PROTOTYPES = YES;
				CLANG_WARN_SUSPICIOUS_MOVE = YES;
				CLANG_WARN_UNGUARDED_AVAILABILITY = YES_AGGRESSIVE;
				CLANG_WARN_UNREACHABLE_CODE = YES;
				CLANG_WARN__DUPLICATE_METHOD_MATCH = YES;
				COPY_PHASE_STRIP = NO;
				DEBUG_INFORMATION_FORMAT = dwarf;
				ENABLE_STRICT_OBJC_MSGSEND = YES;
				ENABLE_TESTABILITY = YES;
				GCC_C_LANGUAGE_STANDARD = gnu11;
				GCC_DYNAMIC_NO_PIC = NO;
				GCC_NO_COMMON_BLOCKS = YES;
				GCC_OPTIMIZATION_LEVEL = 0;
				GCC_PREPROCESSOR_DEFINITIONS = (
					"DEBUG=1",
					"$(inherited)",
				);
				GCC_WARN_64_TO_32_BIT_CONVERSION = YES;
				GCC_WARN_ABOUT_RETURN_TYPE = YES_ERROR;
				GCC_WARN_UNDECLARED_SELECTOR = YES;
				GCC_WARN_UNINITIALIZED_AUTOS = YES_AGGRESSIVE;
				GCC_WARN_UNUSED_FUNCTION = YES;
				GCC_WARN_UNUSED_VARIABLE = YES;
				IPHONEOS_DEPLOYMENT_TARGET = 14.1;
				MTL_ENABLE_DEBUG_INFO = INCLUDE_SOURCE;
				MTL_FAST_MATH = YES;
				ONLY_ACTIVE_ARCH = YES;
				SDKROOT = iphoneos;
				SWIFT_ACTIVE_COMPILATION_CONDITIONS = DEBUG;
				SWIFT_OPTIMIZATION_LEVEL = "-Onone";
			};
			name = Debug;
		};
		250204EB28365FF1004AA574 /* Release */ = {
			isa = XCBuildConfiguration;
			buildSettings = {
				ALWAYS_SEARCH_USER_PATHS = NO;
				CLANG_ANALYZER_NONNULL = YES;
				CLANG_ANALYZER_NUMBER_OBJECT_CONVERSION = YES_AGGRESSIVE;
				CLANG_CXX_LANGUAGE_STANDARD = "gnu++14";
				CLANG_CXX_LIBRARY = "libc++";
				CLANG_ENABLE_MODULES = YES;
				CLANG_ENABLE_OBJC_ARC = YES;
				CLANG_ENABLE_OBJC_WEAK = YES;
				CLANG_WARN_BLOCK_CAPTURE_AUTORELEASING = YES;
				CLANG_WARN_BOOL_CONVERSION = YES;
				CLANG_WARN_COMMA = YES;
				CLANG_WARN_CONSTANT_CONVERSION = YES;
				CLANG_WARN_DEPRECATED_OBJC_IMPLEMENTATIONS = YES;
				CLANG_WARN_DIRECT_OBJC_ISA_USAGE = YES_ERROR;
				CLANG_WARN_DOCUMENTATION_COMMENTS = YES;
				CLANG_WARN_EMPTY_BODY = YES;
				CLANG_WARN_ENUM_CONVERSION = YES;
				CLANG_WARN_INFINITE_RECURSION = YES;
				CLANG_WARN_INT_CONVERSION = YES;
				CLANG_WARN_NON_LITERAL_NULL_CONVERSION = YES;
				CLANG_WARN_OBJC_IMPLICIT_RETAIN_SELF = YES;
				CLANG_WARN_OBJC_LITERAL_CONVERSION = YES;
				CLANG_WARN_OBJC_ROOT_CLASS = YES_ERROR;
				CLANG_WARN_QUOTED_INCLUDE_IN_FRAMEWORK_HEADER = YES;
				CLANG_WARN_RANGE_LOOP_ANALYSIS = YES;
				CLANG_WARN_STRICT_PROTOTYPES = YES;
				CLANG_WARN_SUSPICIOUS_MOVE = YES;
				CLANG_WARN_UNGUARDED_AVAILABILITY = YES_AGGRESSIVE;
				CLANG_WARN_UNREACHABLE_CODE = YES;
				CLANG_WARN__DUPLICATE_METHOD_MATCH = YES;
				COPY_PHASE_STRIP = NO;
				DEBUG_INFORMATION_FORMAT = "dwarf-with-dsym";
				ENABLE_NS_ASSERTIONS = NO;
				ENABLE_STRICT_OBJC_MSGSEND = YES;
				GCC_C_LANGUAGE_STANDARD = gnu11;
				GCC_NO_COMMON_BLOCKS = YES;
				GCC_WARN_64_TO_32_BIT_CONVERSION = YES;
				GCC_WARN_ABOUT_RETURN_TYPE = YES_ERROR;
				GCC_WARN_UNDECLARED_SELECTOR = YES;
				GCC_WARN_UNINITIALIZED_AUTOS = YES_AGGRESSIVE;
				GCC_WARN_UNUSED_FUNCTION = YES;
				GCC_WARN_UNUSED_VARIABLE = YES;
				IPHONEOS_DEPLOYMENT_TARGET = 14.1;
				MTL_ENABLE_DEBUG_INFO = NO;
				MTL_FAST_MATH = YES;
				SDKROOT = iphoneos;
				SWIFT_COMPILATION_MODE = wholemodule;
				SWIFT_OPTIMIZATION_LEVEL = "-O";
				VALIDATE_PRODUCT = YES;
			};
			name = Release;
		};
		250204ED28365FF1004AA574 /* Debug */ = {
			isa = XCBuildConfiguration;
			baseConfigurationReference = F060A56D0BCC92A46B27475B /* Pods-AthleticsScoringSystem.debug.xcconfig */;
			buildSettings = {
				ASSETCATALOG_COMPILER_APPICON_NAME = AppIcon;
				ASSETCATALOG_COMPILER_GLOBAL_ACCENT_COLOR_NAME = AccentColor;
				CODE_SIGN_STYLE = Automatic;
				DEVELOPMENT_ASSET_PATHS = "\"AthleticsScoringSystem/Preview Content\"";
				DEVELOPMENT_TEAM = W65T7XHLQZ;
				ENABLE_PREVIEWS = YES;
				INFOPLIST_FILE = AthleticsScoringSystem/Info.plist;
				IPHONEOS_DEPLOYMENT_TARGET = 14.0;
				LD_RUNPATH_SEARCH_PATHS = (
					"$(inherited)",
					"@executable_path/Frameworks",
				);
				PRODUCT_BUNDLE_IDENTIFIER = "Teo-Hughes.AthleticsScoringSystem";
				PRODUCT_NAME = "$(TARGET_NAME)";
				SWIFT_VERSION = 5.0;
				TARGETED_DEVICE_FAMILY = "1,2";
			};
			name = Debug;
		};
		250204EE28365FF1004AA574 /* Release */ = {
			isa = XCBuildConfiguration;
			baseConfigurationReference = 49951E6ECDDF5E9BB2782A13 /* Pods-AthleticsScoringSystem.release.xcconfig */;
			buildSettings = {
				ASSETCATALOG_COMPILER_APPICON_NAME = AppIcon;
				ASSETCATALOG_COMPILER_GLOBAL_ACCENT_COLOR_NAME = AccentColor;
				CODE_SIGN_STYLE = Automatic;
				DEVELOPMENT_ASSET_PATHS = "\"AthleticsScoringSystem/Preview Content\"";
				DEVELOPMENT_TEAM = W65T7XHLQZ;
				ENABLE_PREVIEWS = YES;
				INFOPLIST_FILE = AthleticsScoringSystem/Info.plist;
				IPHONEOS_DEPLOYMENT_TARGET = 14.0;
				LD_RUNPATH_SEARCH_PATHS = (
					"$(inherited)",
					"@executable_path/Frameworks",
				);
				PRODUCT_BUNDLE_IDENTIFIER = "Teo-Hughes.AthleticsScoringSystem";
				PRODUCT_NAME = "$(TARGET_NAME)";
				SWIFT_VERSION = 5.0;
				TARGETED_DEVICE_FAMILY = "1,2";
			};
			name = Release;
		};
/* End XCBuildConfiguration section */

/* Begin XCConfigurationList section */
		250204D828365FF0004AA574 /* Build configuration list for PBXProject "AthleticsScoringSystem" */ = {
			isa = XCConfigurationList;
			buildConfigurations = (
				250204EA28365FF1004AA574 /* Debug */,
				250204EB28365FF1004AA574 /* Release */,
			);
			defaultConfigurationIsVisible = 0;
			defaultConfigurationName = Release;
		};
		250204EC28365FF1004AA574 /* Build configuration list for PBXNativeTarget "AthleticsScoringSystem" */ = {
			isa = XCConfigurationList;
			buildConfigurations = (
				250204ED28365FF1004AA574 /* Debug */,
				250204EE28365FF1004AA574 /* Release */,
			);
			defaultConfigurationIsVisible = 0;
			defaultConfigurationName = Release;
		};
/* End XCConfigurationList section */
	};
	rootObject = 250204D528365FF0004AA574 /* Project object */;
}
